<?xml version="1.0" encoding="UTF-8" standalone="yes" ?>
<CodeBlocks_project_file>
	<FileVersion major="1" minor="6" />
	<Project>
		<Option title="SPLl0714" />
		<Option pch_mode="2" />
		<Option compiler="gcc" />
		<Build>
			<Target title="Debug">
				<Option output="bin/Debug/SPLl0714" prefix_auto="1" extension_auto="1" />
				<Option object_output="obj/Debug/" />
				<Option type="1" />
				<Option compiler="gcc" />
				<Option parameters=" test4.c " />
				<Compiler>
					<Add option="-g" />
				</Compiler>
			</Target>
			<Target title="Release">
				<Option output="bin/Release/SPLl0714" prefix_auto="1" extension_auto="1" />
				<Option object_output="obj/Release/" />
				<Option type="1" />
				<Option compiler="gcc" />
				<Compiler>
					<Add option="-O2" />
				</Compiler>
				<Linker>
					<Add option="-s" />
				</Linker>
			</Target>
		</Build>
		<Compiler>
			<Add option="-Wall" />
			<Add option="-fexceptions" />
		</Compiler>
		<Unit filename="ComplexityCalculator.cpp" />
		<Unit filename="LOC.cpp" />
		<Unit filename="LOC_MethodLevel.cpp" />
		<Unit filename="cyclomatic.cpp" />
		<Unit filename="cyclomatic.h">
			<Option target="&lt;{~None~}&gt;" />
		</Unit>
		<Unit filename="halstead.cpp" />
		<Unit filename="halstead.h">
			<Option target="&lt;{~None~}&gt;" />
		</Unit>
		<Unit filename="loc.h" />
		<Unit filename="main.cpp" />
		<Unit filename="maintainabilityIndex.cpp" />
		<Unit filename="maintainabilityIndex.h" />
		<Unit filename="result.cpp" />
		<Unit filename="result.h">
			<Option target="&lt;{~None~}&gt;" />
		</Unit>
		<Extensions>
			<code_completion />
			<envvars />
			<debugger />
			<lib_finder disable_auto="1" />
		</Extensions>
	</Project>
</CodeBlocks_project_file>
